
Microsoft Visual Studio Solution File, Format Version 12.00
# Visual Studio 15
VisualStudioVersion = 15.0.27428.1
MinimumVisualStudioVersion = 10.0.40219.1
Project("{FAE04EC0-301F-11D3-BF4B-00C04F79EFBC}") = "TTISDproject", "TTISDproject\TTISDproject.csproj", "{92E98C8B-35B2-4BC6-B60D-4C7730117CA2}"
EndProject
Global
	GlobalSection(SolutionConfigurationPlatforms) = preSolution
		Debug|Any CPU = Debug|Any CPU
		Release|Any CPU = Release|Any CPU
	EndGlobalSection
	GlobalSection(ProjectConfigurationPlatforms) = postSolution
		{92E98C8B-35B2-4BC6-B60D-4C7730117CA2}.Debug|Any CPU.ActiveCfg = Debug|Any CPU
		{92E98C8B-35B2-4BC6-B60D-4C7730117CA2}.Debug|Any CPU.Build.0 = Debug|Any CPU
		{92E98C8B-35B2-4BC6-B60D-4C7730117CA2}.Release|Any CPU.ActiveCfg = Release|Any CPU
		{92E98C8B-35B2-4BC6-B60D-4C7730117CA2}.Release|Any CPU.Build.0 = Release|Any CPU
	EndGlobalSection
	GlobalSection(SolutionProperties) = preSolution
		HideSolutionNode = FALSE
	EndGlobalSection
	GlobalSection(ExtensibilityGlobals) = postSolution
		SolutionGuid = {14BC977C-07B9-44CF-B840-D6145F2844A5}
	EndGlobalSection
EndGlobal
